
Microsoft Visual Studio Solution File, Format Version 12.00
# Visual Studio Version 17
VisualStudioVersion = 17.3.32922.545
MinimumVisualStudioVersion = 10.0.40219.1
Project("{FAE04EC0-301F-11D3-BF4B-00C04F79EFBC}") = "array", "array\array.csproj", "{8C4E9504-DC26-43A0-A75D-F4ACCB4A6F02}"
EndProject
Project("{FAE04EC0-301F-11D3-BF4B-00C04F79EFBC}") = "Classgirli", "Classgirli\Classgirli.csproj", "{9A1E6F43-6C2B-45B1-BC34-4F7EEEA6E48A}"
EndProject
Global
	GlobalSection(SolutionConfigurationPlatforms) = preSolution
		Debug|Any CPU = Debug|Any CPU
		Release|Any CPU = Release|Any CPU
	EndGlobalSection
	GlobalSection(ProjectConfigurationPlatforms) = postSolution
		{8C4E9504-DC26-43A0-A75D-F4ACCB4A6F02}.Debug|Any CPU.ActiveCfg = Debug|Any CPU
		{8C4E9504-DC26-43A0-A75D-F4ACCB4A6F02}.Debug|Any CPU.Build.0 = Debug|Any CPU
		{8C4E9504-DC26-43A0-A75D-F4ACCB4A6F02}.Release|Any CPU.ActiveCfg = Release|Any CPU
		{8C4E9504-DC26-43A0-A75D-F4ACCB4A6F02}.Release|Any CPU.Build.0 = Release|Any CPU
		{9A1E6F43-6C2B-45B1-BC34-4F7EEEA6E48A}.Debug|Any CPU.ActiveCfg = Debug|Any CPU
		{9A1E6F43-6C2B-45B1-BC34-4F7EEEA6E48A}.Debug|Any CPU.Build.0 = Debug|Any CPU
		{9A1E6F43-6C2B-45B1-BC34-4F7EEEA6E48A}.Release|Any CPU.ActiveCfg = Release|Any CPU
		{9A1E6F43-6C2B-45B1-BC34-4F7EEEA6E48A}.Release|Any CPU.Build.0 = Release|Any CPU
	EndGlobalSection
	GlobalSection(SolutionProperties) = preSolution
		HideSolutionNode = FALSE
	EndGlobalSection
	GlobalSection(ExtensibilityGlobals) = postSolution
		SolutionGuid = {12C75D5A-58B3-4C3D-8466-881821CD4BC1}
	EndGlobalSection
EndGlobal
